
Microsoft Visual Studio Solution File, Format Version 12.00
# Visual Studio Version 17
VisualStudioVersion = 17.13.35825.156
MinimumVisualStudioVersion = 10.0.40219.1
Project("{8BC9CEB8-8B4A-11D0-8D11-00A0C91BC942}") = "Colosseum", "Colosseum\Colosseum.vcxproj", "{CB804815-D145-496A-A099-6A1B0AC2EA6F}"
EndProject
Project("{8BC9CEB8-8B4A-11D0-8D11-00A0C91BC942}") = "MyFirstConsoleGame_0", "참고용\MyFirstConsoleGame_0\MyFirstConsoleGame_0.vcxproj", "{64C2EB4B-5321-41A8-8E3D-5C70EB28BF7E}"
EndProject
Project("{8BC9CEB8-8B4A-11D0-8D11-00A0C91BC942}") = "MyFirstConsoleGame_1", "참고용\MyFirstConsoleGame_1\MyFirstConsoleGame_1.vcxproj", "{166BE166-950A-41B4-B3B5-AEA52D2BB256}"
EndProject
Global
	GlobalSection(SolutionConfigurationPlatforms) = preSolution
		Debug|x64 = Debug|x64
		Debug|x86 = Debug|x86
		Release|x64 = Release|x64
		Release|x86 = Release|x86
	EndGlobalSection
	GlobalSection(ProjectConfigurationPlatforms) = postSolution
		{CB804815-D145-496A-A099-6A1B0AC2EA6F}.Debug|x64.ActiveCfg = Debug|x64
		{CB804815-D145-496A-A099-6A1B0AC2EA6F}.Debug|x64.Build.0 = Debug|x64
		{CB804815-D145-496A-A099-6A1B0AC2EA6F}.Debug|x86.ActiveCfg = Debug|Win32
		{CB804815-D145-496A-A099-6A1B0AC2EA6F}.Debug|x86.Build.0 = Debug|Win32
		{CB804815-D145-496A-A099-6A1B0AC2EA6F}.Release|x64.ActiveCfg = Release|x64
		{CB804815-D145-496A-A099-6A1B0AC2EA6F}.Release|x64.Build.0 = Release|x64
		{CB804815-D145-496A-A099-6A1B0AC2EA6F}.Release|x86.ActiveCfg = Release|Win32
		{CB804815-D145-496A-A099-6A1B0AC2EA6F}.Release|x86.Build.0 = Release|Win32
		{64C2EB4B-5321-41A8-8E3D-5C70EB28BF7E}.Debug|x64.ActiveCfg = Debug|x64
		{64C2EB4B-5321-41A8-8E3D-5C70EB28BF7E}.Debug|x64.Build.0 = Debug|x64
		{64C2EB4B-5321-41A8-8E3D-5C70EB28BF7E}.Debug|x86.ActiveCfg = Debug|Win32
		{64C2EB4B-5321-41A8-8E3D-5C70EB28BF7E}.Debug|x86.Build.0 = Debug|Win32
		{64C2EB4B-5321-41A8-8E3D-5C70EB28BF7E}.Release|x64.ActiveCfg = Release|x64
		{64C2EB4B-5321-41A8-8E3D-5C70EB28BF7E}.Release|x64.Build.0 = Release|x64
		{64C2EB4B-5321-41A8-8E3D-5C70EB28BF7E}.Release|x86.ActiveCfg = Release|Win32
		{64C2EB4B-5321-41A8-8E3D-5C70EB28BF7E}.Release|x86.Build.0 = Release|Win32
		{166BE166-950A-41B4-B3B5-AEA52D2BB256}.Debug|x64.ActiveCfg = Debug|x64
		{166BE166-950A-41B4-B3B5-AEA52D2BB256}.Debug|x64.Build.0 = Debug|x64
		{166BE166-950A-41B4-B3B5-AEA52D2BB256}.Debug|x86.ActiveCfg = Debug|Win32
		{166BE166-950A-41B4-B3B5-AEA52D2BB256}.Debug|x86.Build.0 = Debug|Win32
		{166BE166-950A-41B4-B3B5-AEA52D2BB256}.Release|x64.ActiveCfg = Release|x64
		{166BE166-950A-41B4-B3B5-AEA52D2BB256}.Release|x64.Build.0 = Release|x64
		{166BE166-950A-41B4-B3B5-AEA52D2BB256}.Release|x86.ActiveCfg = Release|Win32
		{166BE166-950A-41B4-B3B5-AEA52D2BB256}.Release|x86.Build.0 = Release|Win32
	EndGlobalSection
	GlobalSection(SolutionProperties) = preSolution
		HideSolutionNode = FALSE
	EndGlobalSection
	GlobalSection(ExtensibilityGlobals) = postSolution
		SolutionGuid = {9DBF1BA1-BF7C-4DD3-97AA-1B2C549991EF}
	EndGlobalSection
EndGlobal
